<?xml version="1.0" encoding="utf-8"?>
<Project ToolsVersion="4.0" xmlns="http://schemas.microsoft.com/developer/msbuild/2003">
  <ItemGroup>
    <Filter Include="Header Files">
      <UniqueIdentifier>{93995380-89BD-4b04-88EB-625FBE52EBFB}</UniqueIdentifier>
      <Extensions>h;hh;hpp;hxx;hm;inl;inc;ipp;xsd</Extensions>
    </Filter>
    <Filter Include="Resource Files">
      <UniqueIdentifier>{67DA6AB6-F800-4c08-8B7A-83BB121AAD01}</UniqueIdentifier>
      <Extensions>rc;ico;cur;bmp;dlg;rc2;rct;bin;rgs;gif;jpg;jpeg;jpe;resx;tiff;tif;png;wav;mfcribbon-ms</Extensions>
    </Filter>
    <Filter Include="Version 1">
      <UniqueIdentifier>{8002c156-b4f5-4eb3-a9f3-06c5b348a404}</UniqueIdentifier>
    </Filter>
    <Filter Include="Version 2">
      <UniqueIdentifier>{4FC737F1-C7A5-4376-A066-2A32D752A2FF}</UniqueIdentifier>
      <Extensions>cpp;c;cc;cxx;def;odl;idl;hpj;bat;asm;asmx</Extensions>
    </Filter>
    <Filter Include="Version 3">
      <UniqueIdentifier>{d05e7bd7-97c4-42a8-8e38-cf987e63a52e}</UniqueIdentifier>
    </Filter>
  </ItemGroup>
  <ItemGroup>
    <ClCompile Include="theMain_2.cpp">
      <Filter>Version 2</Filter>
    </ClCompile>
    <ClCompile Include="cCat1.cpp">
      <Filter>Version 1</Filter>
    </ClCompile>
    <ClCompile Include="cDog1.cpp">
      <Filter>Version 1</Filter>
    </ClCompile>
    <ClCompile Include="theMain_1.cpp">
      <Filter>Version 1</Filter>
    </ClCompile>
    <ClCompile Include="cDog2.cpp">
      <Filter>Version 2</Filter>
    </ClCompile>
    <ClCompile Include="cCat2.cpp">
      <Filter>Version 2</Filter>
    </ClCompile>
    <ClCompile Include="cAnimal.cpp">
      <Filter>Version 2</Filter>
    </ClCompile>
    <ClCompile Include="cCat3.cpp">
      <Filter>Version 3</Filter>
    </ClCompile>
    <ClCompile Include="cDog3.cpp">
      <Filter>Version 3</Filter>
    </ClCompile>
    <ClCompile Include="cAnimal3.cpp">
      <Filter>Version 3</Filter>
    </ClCompile>
    <ClCompile Include="theMain_3.cpp">
      <Filter>Version 3</Filter>
    </ClCompile>
    <ClCompile Include="cSuperDog.cpp">
      <Filter>Version 3</Filter>
    </ClCompile>
  </ItemGroup>
  <ItemGroup>
    <ClInclude Include="cDog1.h">
      <Filter>Version 1</Filter>
    </ClInclude>
    <ClInclude Include="cCat1.h">
      <Filter>Version 1</Filter>
    </ClInclude>
    <ClInclude Include="cCat2.h">
      <Filter>Version 2</Filter>
    </ClInclude>
    <ClInclude Include="cDog2.h">
      <Filter>Version 2</Filter>
    </ClInclude>
    <ClInclude Include="cAnimal.h">
      <Filter>Version 2</Filter>
    </ClInclude>
    <ClInclude Include="cSuperDog2.h">
      <Filter>Version 2</Filter>
    </ClInclude>
    <ClInclude Include="cAnimal3.h">
      <Filter>Version 3</Filter>
    </ClInclude>
    <ClInclude Include="cDog3.h">
      <Filter>Version 3</Filter>
    </ClInclude>
    <ClInclude Include="cCat3.h">
      <Filter>Version 3</Filter>
    </ClInclude>
    <ClInclude Include="cSuperDog.h">
      <Filter>Version 3</Filter>
    </ClInclude>
  </ItemGroup>
</Project>